
Microsoft Visual Studio Solution File, Format Version 12.00
# Visual Studio Version 17
VisualStudioVersion = 17.7.34031.279
MinimumVisualStudioVersion = 10.0.40219.1
Project("{9A19103F-16F7-4668-BE54-9A1E7A4F7556}") = "API.FurnitureStore.API", "API.FurnitureStore.API\API.FurnitureStore.API.csproj", "{29581F03-B235-44D6-B277-90C5CFC2D774}"
EndProject
Project("{9A19103F-16F7-4668-BE54-9A1E7A4F7556}") = "API.FurnitureStore.Shared", "API.FurnitureStore.Shared\API.FurnitureStore.Shared.csproj", "{C1B1F750-4D4C-42D5-ADC8-156F8DE7268E}"
EndProject
Project("{FAE04EC0-301F-11D3-BF4B-00C04F79EFBC}") = "API.FurnitureStore.Data", "API.FurnitureStore.Data\API.FurnitureStore.Data.csproj", "{ACB8D49C-C25A-43A7-8515-B87F5B876A5D}"
EndProject
Global
	GlobalSection(SolutionConfigurationPlatforms) = preSolution
		Debug|Any CPU = Debug|Any CPU
		Release|Any CPU = Release|Any CPU
	EndGlobalSection
	GlobalSection(ProjectConfigurationPlatforms) = postSolution
		{29581F03-B235-44D6-B277-90C5CFC2D774}.Debug|Any CPU.ActiveCfg = Debug|Any CPU
		{29581F03-B235-44D6-B277-90C5CFC2D774}.Debug|Any CPU.Build.0 = Debug|Any CPU
		{29581F03-B235-44D6-B277-90C5CFC2D774}.Release|Any CPU.ActiveCfg = Release|Any CPU
		{29581F03-B235-44D6-B277-90C5CFC2D774}.Release|Any CPU.Build.0 = Release|Any CPU
		{C1B1F750-4D4C-42D5-ADC8-156F8DE7268E}.Debug|Any CPU.ActiveCfg = Debug|Any CPU
		{C1B1F750-4D4C-42D5-ADC8-156F8DE7268E}.Debug|Any CPU.Build.0 = Debug|Any CPU
		{C1B1F750-4D4C-42D5-ADC8-156F8DE7268E}.Release|Any CPU.ActiveCfg = Release|Any CPU
		{C1B1F750-4D4C-42D5-ADC8-156F8DE7268E}.Release|Any CPU.Build.0 = Release|Any CPU
		{ACB8D49C-C25A-43A7-8515-B87F5B876A5D}.Debug|Any CPU.ActiveCfg = Debug|Any CPU
		{ACB8D49C-C25A-43A7-8515-B87F5B876A5D}.Debug|Any CPU.Build.0 = Debug|Any CPU
		{ACB8D49C-C25A-43A7-8515-B87F5B876A5D}.Release|Any CPU.ActiveCfg = Release|Any CPU
		{ACB8D49C-C25A-43A7-8515-B87F5B876A5D}.Release|Any CPU.Build.0 = Release|Any CPU
	EndGlobalSection
	GlobalSection(SolutionProperties) = preSolution
		HideSolutionNode = FALSE
	EndGlobalSection
	GlobalSection(ExtensibilityGlobals) = postSolution
		SolutionGuid = {1B696768-E2DB-4B9F-B110-4E8455BC54EA}
	EndGlobalSection
EndGlobal
